// !$*UTF8*$!
{
	archiveVersion = 1;
	classes = {
	};
	objectVersion = 51;
	objects = {

/* Begin PBXBuildFile section */
		676D762527831E73009F84DF /* CharacterDetailsViewController.swift in Sources */ = {isa = PBXBuildFile; fileRef = 676D762427831E73009F84DF /* CharacterDetailsViewController.swift */; };
		676D762727831EA5009F84DF /* CharacterDetailsViewController.storyboard in Resources */ = {isa = PBXBuildFile; fileRef = 676D762627831EA5009F84DF /* CharacterDetailsViewController.storyboard */; };
		676D762A27832845009F84DF /* BaseViewController.swift in Sources */ = {isa = PBXBuildFile; fileRef = 676D762927832845009F84DF /* BaseViewController.swift */; };
		6779FE4127836FD600C6D2A2 /* CharacterDetailsViewController+TableView.swift in Sources */ = {isa = PBXBuildFile; fileRef = 6779FE4027836FD600C6D2A2 /* CharacterDetailsViewController+TableView.swift */; };
		6779FE44278371F200C6D2A2 /* CharacterDetailTableViewCell.swift in Sources */ = {isa = PBXBuildFile; fileRef = 6779FE43278371F200C6D2A2 /* CharacterDetailTableViewCell.swift */; };
		6779FE462783723D00C6D2A2 /* CharacterDetailTableViewCell.xib in Resources */ = {isa = PBXBuildFile; fileRef = 6779FE452783723D00C6D2A2 /* CharacterDetailTableViewCell.xib */; };
		6790AC062784BAAF005C2DC2 /* CharacterListInteractor.swift in Sources */ = {isa = PBXBuildFile; fileRef = 6790AC052784BAAF005C2DC2 /* CharacterListInteractor.swift */; };
		6790AC082784BB19005C2DC2 /* CharacterListPresenter.swift in Sources */ = {isa = PBXBuildFile; fileRef = 6790AC072784BB19005C2DC2 /* CharacterListPresenter.swift */; };
		6790AC0A2784BE41005C2DC2 /* CharacterListProtocols.swift in Sources */ = {isa = PBXBuildFile; fileRef = 6790AC092784BE41005C2DC2 /* CharacterListProtocols.swift */; };
		6790AC0C2784C38F005C2DC2 /* CharactersListRouter.swift in Sources */ = {isa = PBXBuildFile; fileRef = 6790AC0B2784C38F005C2DC2 /* CharactersListRouter.swift */; };
		6790AC102784CA40005C2DC2 /* CharacterDetailProtocols.swift in Sources */ = {isa = PBXBuildFile; fileRef = 6790AC0F2784CA40005C2DC2 /* CharacterDetailProtocols.swift */; };
		6790AC132784CCCA005C2DC2 /* CharacterDetailRouter.swift in Sources */ = {isa = PBXBuildFile; fileRef = 6790AC122784CCCA005C2DC2 /* CharacterDetailRouter.swift */; };
		6790AC152784CE37005C2DC2 /* CharacterDetailInteractor.swift in Sources */ = {isa = PBXBuildFile; fileRef = 6790AC142784CE37005C2DC2 /* CharacterDetailInteractor.swift */; };
		6790AC172784CE54005C2DC2 /* CharacterDetailPresenter.swift in Sources */ = {isa = PBXBuildFile; fileRef = 6790AC162784CE54005C2DC2 /* CharacterDetailPresenter.swift */; };
		679C3680277F28D9009317AE /* AppDelegate.swift in Sources */ = {isa = PBXBuildFile; fileRef = 679C367F277F28D9009317AE /* AppDelegate.swift */; };
		679C3682277F28D9009317AE /* SceneDelegate.swift in Sources */ = {isa = PBXBuildFile; fileRef = 679C3681277F28D9009317AE /* SceneDelegate.swift */; };
		679C3684277F28D9009317AE /* CharactersListViewController.swift in Sources */ = {isa = PBXBuildFile; fileRef = 679C3683277F28D9009317AE /* CharactersListViewController.swift */; };
		679C3687277F28D9009317AE /* CharactersList.storyboard in Resources */ = {isa = PBXBuildFile; fileRef = 679C3685277F28D9009317AE /* CharactersList.storyboard */; };
		679C3689277F28DA009317AE /* Assets.xcassets in Resources */ = {isa = PBXBuildFile; fileRef = 679C3688277F28DA009317AE /* Assets.xcassets */; };
		679C368C277F28DA009317AE /* LaunchScreen.storyboard in Resources */ = {isa = PBXBuildFile; fileRef = 679C368A277F28DA009317AE /* LaunchScreen.storyboard */; };
		679C3697277F28DA009317AE /* MarvelHeroesTests.swift in Sources */ = {isa = PBXBuildFile; fileRef = 679C3696277F28DA009317AE /* MarvelHeroesTests.swift */; };
		679C36A2277F28DA009317AE /* MarvelHeroesUITests.swift in Sources */ = {isa = PBXBuildFile; fileRef = 679C36A1277F28DA009317AE /* MarvelHeroesUITests.swift */; };
		679C36B1277F2983009317AE /* MSCharacter.swift in Sources */ = {isa = PBXBuildFile; fileRef = 679C36B0277F2983009317AE /* MSCharacter.swift */; };
		679C36B4277F2AD4009317AE /* MSResult.swift in Sources */ = {isa = PBXBuildFile; fileRef = 679C36B3277F2AD4009317AE /* MSResult.swift */; };
		679C36B7277F2D14009317AE /* MSConfig.swift in Sources */ = {isa = PBXBuildFile; fileRef = 679C36B6277F2D14009317AE /* MSConfig.swift */; };
		679C36BA277F2F6E009317AE /* MSCharacterRequest.swift in Sources */ = {isa = PBXBuildFile; fileRef = 679C36B9277F2F6E009317AE /* MSCharacterRequest.swift */; };
		679C36BC277F30A5009317AE /* MSUtils.swift in Sources */ = {isa = PBXBuildFile; fileRef = 679C36BB277F30A5009317AE /* MSUtils.swift */; };
		67B26CB42780EFD800F501CE /* MarvelService.swift in Sources */ = {isa = PBXBuildFile; fileRef = 67B26CB32780EFD800F501CE /* MarvelService.swift */; };
		67B525E727844B790011E3AD /* CharacterDetailTableHeaderView.xib in Resources */ = {isa = PBXBuildFile; fileRef = 67B525E627844B790011E3AD /* CharacterDetailTableHeaderView.xib */; };
		67B525E927844B880011E3AD /* CharacterDetailTableHeaderView.swift in Sources */ = {isa = PBXBuildFile; fileRef = 67B525E827844B880011E3AD /* CharacterDetailTableHeaderView.swift */; };
		67B525ED27844FBB0011E3AD /* wording.json in Resources */ = {isa = PBXBuildFile; fileRef = 67B525EC27844FBB0011E3AD /* wording.json */; };
		67B7471C278307370089097D /* CharactersListViewController+CollectionView.swift in Sources */ = {isa = PBXBuildFile; fileRef = 67B7471B278307370089097D /* CharactersListViewController+CollectionView.swift */; };
		67B7471F278308950089097D /* CharactersListCollectionViewCell.swift in Sources */ = {isa = PBXBuildFile; fileRef = 67B7471E278308950089097D /* CharactersListCollectionViewCell.swift */; };
		67B7472127830A300089097D /* CharactersListCollectionViewCell.xib in Resources */ = {isa = PBXBuildFile; fileRef = 67B7472027830A300089097D /* CharactersListCollectionViewCell.xib */; };
		67B7472327830EA30089097D /* UIConfig.swift in Sources */ = {isa = PBXBuildFile; fileRef = 67B7472227830EA30089097D /* UIConfig.swift */; };
		67B7472527830FDB0089097D /* UIUtils.swift in Sources */ = {isa = PBXBuildFile; fileRef = 67B7472427830FDB0089097D /* UIUtils.swift */; };
		EF445A184EDDE4D303B67AB0 /* Pods_MarvelHeroes.framework in Frameworks */ = {isa = PBXBuildFile; fileRef = F04671048FAD8E1B8BA8F2D7 /* Pods_MarvelHeroes.framework */; };
/* End PBXBuildFile section */

/* Begin PBXContainerItemProxy section */
		679C3693277F28DA009317AE /* PBXContainerItemProxy */ = {
			isa = PBXContainerItemProxy;
			containerPortal = 679C3674277F28D9009317AE /* Project object */;
			proxyType = 1;
			remoteGlobalIDString = 679C367B277F28D9009317AE;
			remoteInfo = MarvelHeroes;
		};
		679C369E277F28DA009317AE /* PBXContainerItemProxy */ = {
			isa = PBXContainerItemProxy;
			containerPortal = 679C3674277F28D9009317AE /* Project object */;
			proxyType = 1;
			remoteGlobalIDString = 679C367B277F28D9009317AE;
			remoteInfo = MarvelHeroes;
		};
/* End PBXContainerItemProxy section */

/* Begin PBXFileReference section */
		676D762427831E73009F84DF /* CharacterDetailsViewController.swift */ = {isa = PBXFileReference; lastKnownFileType = sourcecode.swift; path = CharacterDetailsViewController.swift; sourceTree = "<group>"; };
		676D762627831EA5009F84DF /* CharacterDetailsViewController.storyboard */ = {isa = PBXFileReference; lastKnownFileType = file.storyboard; path = CharacterDetailsViewController.storyboard; sourceTree = "<group>"; };
		676D762927832845009F84DF /* BaseViewController.swift */ = {isa = PBXFileReference; lastKnownFileType = sourcecode.swift; path = BaseViewController.swift; sourceTree = "<group>"; };
		6779FE4027836FD600C6D2A2 /* CharacterDetailsViewController+TableView.swift */ = {isa = PBXFileReference; lastKnownFileType = sourcecode.swift; path = "CharacterDetailsViewController+TableView.swift"; sourceTree = "<group>"; };
		6779FE43278371F200C6D2A2 /* CharacterDetailTableViewCell.swift */ = {isa = PBXFileReference; lastKnownFileType = sourcecode.swift; path = CharacterDetailTableViewCell.swift; sourceTree = "<group>"; };
		6779FE452783723D00C6D2A2 /* CharacterDetailTableViewCell.xib */ = {isa = PBXFileReference; lastKnownFileType = file.xib; path = CharacterDetailTableViewCell.xib; sourceTree = "<group>"; };
		6790AC052784BAAF005C2DC2 /* CharacterListInteractor.swift */ = {isa = PBXFileReference; lastKnownFileType = sourcecode.swift; path = CharacterListInteractor.swift; sourceTree = "<group>"; };
		6790AC072784BB19005C2DC2 /* CharacterListPresenter.swift */ = {isa = PBXFileReference; lastKnownFileType = sourcecode.swift; path = CharacterListPresenter.swift; sourceTree = "<group>"; };
		6790AC092784BE41005C2DC2 /* CharacterListProtocols.swift */ = {isa = PBXFileReference; lastKnownFileType = sourcecode.swift; path = CharacterListProtocols.swift; sourceTree = "<group>"; };
		6790AC0B2784C38F005C2DC2 /* CharactersListRouter.swift */ = {isa = PBXFileReference; lastKnownFileType = sourcecode.swift; path = CharactersListRouter.swift; sourceTree = "<group>"; };
		6790AC0F2784CA40005C2DC2 /* CharacterDetailProtocols.swift */ = {isa = PBXFileReference; lastKnownFileType = sourcecode.swift; path = CharacterDetailProtocols.swift; sourceTree = "<group>"; };
		6790AC122784CCCA005C2DC2 /* CharacterDetailRouter.swift */ = {isa = PBXFileReference; lastKnownFileType = sourcecode.swift; path = CharacterDetailRouter.swift; sourceTree = "<group>"; };
		6790AC142784CE37005C2DC2 /* CharacterDetailInteractor.swift */ = {isa = PBXFileReference; lastKnownFileType = sourcecode.swift; path = CharacterDetailInteractor.swift; sourceTree = "<group>"; };
		6790AC162784CE54005C2DC2 /* CharacterDetailPresenter.swift */ = {isa = PBXFileReference; lastKnownFileType = sourcecode.swift; path = CharacterDetailPresenter.swift; sourceTree = "<group>"; };
		679C367C277F28D9009317AE /* MarvelHeroes.app */ = {isa = PBXFileReference; explicitFileType = wrapper.application; includeInIndex = 0; path = MarvelHeroes.app; sourceTree = BUILT_PRODUCTS_DIR; };
		679C367F277F28D9009317AE /* AppDelegate.swift */ = {isa = PBXFileReference; lastKnownFileType = sourcecode.swift; path = AppDelegate.swift; sourceTree = "<group>"; };
		679C3681277F28D9009317AE /* SceneDelegate.swift */ = {isa = PBXFileReference; lastKnownFileType = sourcecode.swift; path = SceneDelegate.swift; sourceTree = "<group>"; };
		679C3683277F28D9009317AE /* CharactersListViewController.swift */ = {isa = PBXFileReference; lastKnownFileType = sourcecode.swift; path = CharactersListViewController.swift; sourceTree = "<group>"; };
		679C3686277F28D9009317AE /* Base */ = {isa = PBXFileReference; lastKnownFileType = file.storyboard; name = Base; path = Base.lproj/CharactersList.storyboard; sourceTree = "<group>"; };
		679C3688277F28DA009317AE /* Assets.xcassets */ = {isa = PBXFileReference; lastKnownFileType = folder.assetcatalog; path = Assets.xcassets; sourceTree = "<group>"; };
		679C368B277F28DA009317AE /* Base */ = {isa = PBXFileReference; lastKnownFileType = file.storyboard; name = Base; path = Base.lproj/LaunchScreen.storyboard; sourceTree = "<group>"; };
		679C368D277F28DA009317AE /* Info.plist */ = {isa = PBXFileReference; lastKnownFileType = text.plist.xml; path = Info.plist; sourceTree = "<group>"; };
		679C3692277F28DA009317AE /* MarvelHeroesTests.xctest */ = {isa = PBXFileReference; explicitFileType = wrapper.cfbundle; includeInIndex = 0; path = MarvelHeroesTests.xctest; sourceTree = BUILT_PRODUCTS_DIR; };
		679C3696277F28DA009317AE /* MarvelHeroesTests.swift */ = {isa = PBXFileReference; lastKnownFileType = sourcecode.swift; path = MarvelHeroesTests.swift; sourceTree = "<group>"; };
		679C3698277F28DA009317AE /* Info.plist */ = {isa = PBXFileReference; lastKnownFileType = text.plist.xml; path = Info.plist; sourceTree = "<group>"; };
		679C369D277F28DA009317AE /* MarvelHeroesUITests.xctest */ = {isa = PBXFileReference; explicitFileType = wrapper.cfbundle; includeInIndex = 0; path = MarvelHeroesUITests.xctest; sourceTree = BUILT_PRODUCTS_DIR; };
		679C36A1277F28DA009317AE /* MarvelHeroesUITests.swift */ = {isa = PBXFileReference; lastKnownFileType = sourcecode.swift; path = MarvelHeroesUITests.swift; sourceTree = "<group>"; };
		679C36A3277F28DA009317AE /* Info.plist */ = {isa = PBXFileReference; lastKnownFileType = text.plist.xml; path = Info.plist; sourceTree = "<group>"; };
		679C36B0277F2983009317AE /* MSCharacter.swift */ = {isa = PBXFileReference; lastKnownFileType = sourcecode.swift; path = MSCharacter.swift; sourceTree = "<group>"; };
		679C36B3277F2AD4009317AE /* MSResult.swift */ = {isa = PBXFileReference; lastKnownFileType = sourcecode.swift; path = MSResult.swift; sourceTree = "<group>"; };
		679C36B6277F2D14009317AE /* MSConfig.swift */ = {isa = PBXFileReference; lastKnownFileType = sourcecode.swift; path = MSConfig.swift; sourceTree = "<group>"; };
		679C36B9277F2F6E009317AE /* MSCharacterRequest.swift */ = {isa = PBXFileReference; lastKnownFileType = sourcecode.swift; path = MSCharacterRequest.swift; sourceTree = "<group>"; };
		679C36BB277F30A5009317AE /* MSUtils.swift */ = {isa = PBXFileReference; lastKnownFileType = sourcecode.swift; path = MSUtils.swift; sourceTree = "<group>"; };
		67B26CB32780EFD800F501CE /* MarvelService.swift */ = {isa = PBXFileReference; lastKnownFileType = sourcecode.swift; path = MarvelService.swift; sourceTree = "<group>"; };
		67B525E627844B790011E3AD /* CharacterDetailTableHeaderView.xib */ = {isa = PBXFileReference; lastKnownFileType = file.xib; path = CharacterDetailTableHeaderView.xib; sourceTree = "<group>"; };
		67B525E827844B880011E3AD /* CharacterDetailTableHeaderView.swift */ = {isa = PBXFileReference; lastKnownFileType = sourcecode.swift; path = CharacterDetailTableHeaderView.swift; sourceTree = "<group>"; };
		67B525EC27844FBB0011E3AD /* wording.json */ = {isa = PBXFileReference; lastKnownFileType = text.json; path = wording.json; sourceTree = "<group>"; };
		67B7471B278307370089097D /* CharactersListViewController+CollectionView.swift */ = {isa = PBXFileReference; lastKnownFileType = sourcecode.swift; path = "CharactersListViewController+CollectionView.swift"; sourceTree = "<group>"; };
		67B7471E278308950089097D /* CharactersListCollectionViewCell.swift */ = {isa = PBXFileReference; lastKnownFileType = sourcecode.swift; path = CharactersListCollectionViewCell.swift; sourceTree = "<group>"; };
		67B7472027830A300089097D /* CharactersListCollectionViewCell.xib */ = {isa = PBXFileReference; lastKnownFileType = file.xib; path = CharactersListCollectionViewCell.xib; sourceTree = "<group>"; };
		67B7472227830EA30089097D /* UIConfig.swift */ = {isa = PBXFileReference; lastKnownFileType = sourcecode.swift; path = UIConfig.swift; sourceTree = "<group>"; };
		67B7472427830FDB0089097D /* UIUtils.swift */ = {isa = PBXFileReference; lastKnownFileType = sourcecode.swift; path = UIUtils.swift; sourceTree = "<group>"; };
		CAE161A1407E3E334D74DF48 /* Pods-MarvelHeroes.debug.xcconfig */ = {isa = PBXFileReference; includeInIndex = 1; lastKnownFileType = text.xcconfig; name = "Pods-MarvelHeroes.debug.xcconfig"; path = "Target Support Files/Pods-MarvelHeroes/Pods-MarvelHeroes.debug.xcconfig"; sourceTree = "<group>"; };
		F04671048FAD8E1B8BA8F2D7 /* Pods_MarvelHeroes.framework */ = {isa = PBXFileReference; explicitFileType = wrapper.framework; includeInIndex = 0; path = Pods_MarvelHeroes.framework; sourceTree = BUILT_PRODUCTS_DIR; };
		FFB0DF661A9A537DD251ADD1 /* Pods-MarvelHeroes.release.xcconfig */ = {isa = PBXFileReference; includeInIndex = 1; lastKnownFileType = text.xcconfig; name = "Pods-MarvelHeroes.release.xcconfig"; path = "Target Support Files/Pods-MarvelHeroes/Pods-MarvelHeroes.release.xcconfig"; sourceTree = "<group>"; };
/* End PBXFileReference section */

/* Begin PBXFrameworksBuildPhase section */
		679C3679277F28D9009317AE /* Frameworks */ = {
			isa = PBXFrameworksBuildPhase;
			buildActionMask = 2147483647;
			files = (
				EF445A184EDDE4D303B67AB0 /* Pods_MarvelHeroes.framework in Frameworks */,
			);
			runOnlyForDeploymentPostprocessing = 0;
		};
		679C368F277F28DA009317AE /* Frameworks */ = {
			isa = PBXFrameworksBuildPhase;
			buildActionMask = 2147483647;
			files = (
			);
			runOnlyForDeploymentPostprocessing = 0;
		};
		679C369A277F28DA009317AE /* Frameworks */ = {
			isa = PBXFrameworksBuildPhase;
			buildActionMask = 2147483647;
			files = (
			);
			runOnlyForDeploymentPostprocessing = 0;
		};
/* End PBXFrameworksBuildPhase section */

/* Begin PBXGroup section */
		676D762327831E39009F84DF /* CharacterDetail */ = {
			isa = PBXGroup;
			children = (
				6790AC0D2784CA14005C2DC2 /* Interactor */,
				6790AC0E2784CA22005C2DC2 /* Presenter */,
				6790AC002784BA3E005C2DC2 /* View */,
				6790AC112784CCAB005C2DC2 /* Router */,
				6790AC0F2784CA40005C2DC2 /* CharacterDetailProtocols.swift */,
			);
			path = CharacterDetail;
			sourceTree = "<group>";
		};
		676D762827832826009F84DF /* Commons */ = {
			isa = PBXGroup;
			children = (
				67B7472427830FDB0089097D /* UIUtils.swift */,
				676D762927832845009F84DF /* BaseViewController.swift */,
			);
			path = Commons;
			sourceTree = "<group>";
		};
		6779FE42278371DA00C6D2A2 /* Cells */ = {
			isa = PBXGroup;
			children = (
				6779FE43278371F200C6D2A2 /* CharacterDetailTableViewCell.swift */,
				6779FE452783723D00C6D2A2 /* CharacterDetailTableViewCell.xib */,
				67B525E827844B880011E3AD /* CharacterDetailTableHeaderView.swift */,
				67B525E627844B790011E3AD /* CharacterDetailTableHeaderView.xib */,
			);
			path = Cells;
			sourceTree = "<group>";
		};
		6790ABFD2784B9EF005C2DC2 /* Modules */ = {
			isa = PBXGroup;
			children = (
				676D762827832826009F84DF /* Commons */,
				676D762327831E39009F84DF /* CharacterDetail */,
				67B7471A2783068E0089097D /* CharactersList */,
			);
			path = Modules;
			sourceTree = "<group>";
		};
		6790AC002784BA3E005C2DC2 /* View */ = {
			isa = PBXGroup;
			children = (
				6779FE42278371DA00C6D2A2 /* Cells */,
				676D762427831E73009F84DF /* CharacterDetailsViewController.swift */,
				6779FE4027836FD600C6D2A2 /* CharacterDetailsViewController+TableView.swift */,
				676D762627831EA5009F84DF /* CharacterDetailsViewController.storyboard */,
			);
			path = View;
			sourceTree = "<group>";
		};
		6790AC012784BA49005C2DC2 /* View */ = {
			isa = PBXGroup;
			children = (
				67B7471D2783086B0089097D /* Cells */,
				679C3683277F28D9009317AE /* CharactersListViewController.swift */,
				67B7471B278307370089097D /* CharactersListViewController+CollectionView.swift */,
				679C3685277F28D9009317AE /* CharactersList.storyboard */,
			);
			path = View;
			sourceTree = "<group>";
		};
		6790AC022784BA5E005C2DC2 /* Interactor */ = {
			isa = PBXGroup;
			children = (
				6790AC052784BAAF005C2DC2 /* CharacterListInteractor.swift */,
			);
			path = Interactor;
			sourceTree = "<group>";
		};
		6790AC032784BA6B005C2DC2 /* Presenter */ = {
			isa = PBXGroup;
			children = (
				6790AC072784BB19005C2DC2 /* CharacterListPresenter.swift */,
			);
			path = Presenter;
			sourceTree = "<group>";
		};
		6790AC042784BA76005C2DC2 /* Router */ = {
			isa = PBXGroup;
			children = (
				6790AC0B2784C38F005C2DC2 /* CharactersListRouter.swift */,
			);
			path = Router;
			sourceTree = "<group>";
		};
		6790AC0D2784CA14005C2DC2 /* Interactor */ = {
			isa = PBXGroup;
			children = (
				6790AC142784CE37005C2DC2 /* CharacterDetailInteractor.swift */,
			);
			path = Interactor;
			sourceTree = "<group>";
		};
		6790AC0E2784CA22005C2DC2 /* Presenter */ = {
			isa = PBXGroup;
			children = (
				6790AC162784CE54005C2DC2 /* CharacterDetailPresenter.swift */,
			);
			path = Presenter;
			sourceTree = "<group>";
		};
		6790AC112784CCAB005C2DC2 /* Router */ = {
			isa = PBXGroup;
			children = (
				6790AC122784CCCA005C2DC2 /* CharacterDetailRouter.swift */,
			);
			path = Router;
			sourceTree = "<group>";
		};
		679C3673277F28D9009317AE = {
			isa = PBXGroup;
			children = (
				679C367E277F28D9009317AE /* MarvelHeroes */,
				679C3695277F28DA009317AE /* MarvelHeroesTests */,
				679C36A0277F28DA009317AE /* MarvelHeroesUITests */,
				679C367D277F28D9009317AE /* Products */,
				F46C5494A86B9ADD98451B3D /* Pods */,
				D8F93A557756D6C19EB6F897 /* Frameworks */,
			);
			sourceTree = "<group>";
		};
		679C367D277F28D9009317AE /* Products */ = {
			isa = PBXGroup;
			children = (
				679C367C277F28D9009317AE /* MarvelHeroes.app */,
				679C3692277F28DA009317AE /* MarvelHeroesTests.xctest */,
				679C369D277F28DA009317AE /* MarvelHeroesUITests.xctest */,
			);
			name = Products;
			sourceTree = "<group>";
		};
		679C367E277F28D9009317AE /* MarvelHeroes */ = {
			isa = PBXGroup;
			children = (
				679C36B5277F2CF1009317AE /* Config */,
				679C36B2277F2ABE009317AE /* Service */,
				679C367F277F28D9009317AE /* AppDelegate.swift */,
				679C3681277F28D9009317AE /* SceneDelegate.swift */,
				679C3688277F28DA009317AE /* Assets.xcassets */,
				679C368A277F28DA009317AE /* LaunchScreen.storyboard */,
				6790ABFD2784B9EF005C2DC2 /* Modules */,
				679C368D277F28DA009317AE /* Info.plist */,
			);
			path = MarvelHeroes;
			sourceTree = "<group>";
		};
		679C3695277F28DA009317AE /* MarvelHeroesTests */ = {
			isa = PBXGroup;
			children = (
				679C3696277F28DA009317AE /* MarvelHeroesTests.swift */,
				679C3698277F28DA009317AE /* Info.plist */,
			);
			path = MarvelHeroesTests;
			sourceTree = "<group>";
		};
		679C36A0277F28DA009317AE /* MarvelHeroesUITests */ = {
			isa = PBXGroup;
			children = (
				679C36A1277F28DA009317AE /* MarvelHeroesUITests.swift */,
				679C36A3277F28DA009317AE /* Info.plist */,
			);
			path = MarvelHeroesUITests;
			sourceTree = "<group>";
		};
		679C36AF277F28EF009317AE /* Entity */ = {
			isa = PBXGroup;
			children = (
				679C36B0277F2983009317AE /* MSCharacter.swift */,
				679C36B3277F2AD4009317AE /* MSResult.swift */,
			);
			path = Entity;
			sourceTree = "<group>";
		};
		679C36B2277F2ABE009317AE /* Service */ = {
			isa = PBXGroup;
			children = (
				679C36B8277F2F56009317AE /* Character */,
				679C36BB277F30A5009317AE /* MSUtils.swift */,
				67B26CB32780EFD800F501CE /* MarvelService.swift */,
			);
			path = Service;
			sourceTree = "<group>";
		};
		679C36B5277F2CF1009317AE /* Config */ = {
			isa = PBXGroup;
			children = (
				679C36B6277F2D14009317AE /* MSConfig.swift */,
				67B7472227830EA30089097D /* UIConfig.swift */,
				67B525EC27844FBB0011E3AD /* wording.json */,
			);
			path = Config;
			sourceTree = "<group>";
		};
		679C36B8277F2F56009317AE /* Character */ = {
			isa = PBXGroup;
			children = (
				679C36AF277F28EF009317AE /* Entity */,
				679C36B9277F2F6E009317AE /* MSCharacterRequest.swift */,
			);
			path = Character;
			sourceTree = "<group>";
		};
		67B7471A2783068E0089097D /* CharactersList */ = {
			isa = PBXGroup;
			children = (
				6790AC022784BA5E005C2DC2 /* Interactor */,
				6790AC032784BA6B005C2DC2 /* Presenter */,
				6790AC012784BA49005C2DC2 /* View */,
				6790AC042784BA76005C2DC2 /* Router */,
				6790AC092784BE41005C2DC2 /* CharacterListProtocols.swift */,
			);
			path = CharactersList;
			sourceTree = "<group>";
		};
		67B7471D2783086B0089097D /* Cells */ = {
			isa = PBXGroup;
			children = (
				67B7471E278308950089097D /* CharactersListCollectionViewCell.swift */,
				67B7472027830A300089097D /* CharactersListCollectionViewCell.xib */,
			);
			path = Cells;
			sourceTree = "<group>";
		};
		D8F93A557756D6C19EB6F897 /* Frameworks */ = {
			isa = PBXGroup;
			children = (
				F04671048FAD8E1B8BA8F2D7 /* Pods_MarvelHeroes.framework */,
			);
			name = Frameworks;
			sourceTree = "<group>";
		};
		F46C5494A86B9ADD98451B3D /* Pods */ = {
			isa = PBXGroup;
			children = (
				CAE161A1407E3E334D74DF48 /* Pods-MarvelHeroes.debug.xcconfig */,
				FFB0DF661A9A537DD251ADD1 /* Pods-MarvelHeroes.release.xcconfig */,
			);
			path = Pods;
			sourceTree = "<group>";
		};
/* End PBXGroup section */

/* Begin PBXNativeTarget section */
		679C367B277F28D9009317AE /* MarvelHeroes */ = {
			isa = PBXNativeTarget;
			buildConfigurationList = 679C36A6277F28DA009317AE /* Build configuration list for PBXNativeTarget "MarvelHeroes" */;
			buildPhases = (
				094AF4DBFED2FF5B0C0D0B52 /* [CP] Check Pods Manifest.lock */,
				679C3678277F28D9009317AE /* Sources */,
				679C3679277F28D9009317AE /* Frameworks */,
				679C367A277F28D9009317AE /* Resources */,
				9194E7CBDB3255E5AC7880F7 /* [CP] Embed Pods Frameworks */,
			);
			buildRules = (
			);
			dependencies = (
			);
			name = MarvelHeroes;
			productName = MarvelHeroes;
			productReference = 679C367C277F28D9009317AE /* MarvelHeroes.app */;
			productType = "com.apple.product-type.application";
		};
		679C3691277F28DA009317AE /* MarvelHeroesTests */ = {
			isa = PBXNativeTarget;
			buildConfigurationList = 679C36A9277F28DA009317AE /* Build configuration list for PBXNativeTarget "MarvelHeroesTests" */;
			buildPhases = (
				679C368E277F28DA009317AE /* Sources */,
				679C368F277F28DA009317AE /* Frameworks */,
				679C3690277F28DA009317AE /* Resources */,
			);
			buildRules = (
			);
			dependencies = (
				679C3694277F28DA009317AE /* PBXTargetDependency */,
			);
			name = MarvelHeroesTests;
			productName = MarvelHeroesTests;
			productReference = 679C3692277F28DA009317AE /* MarvelHeroesTests.xctest */;
			productType = "com.apple.product-type.bundle.unit-test";
		};
		679C369C277F28DA009317AE /* MarvelHeroesUITests */ = {
			isa = PBXNativeTarget;
			buildConfigurationList = 679C36AC277F28DA009317AE /* Build configuration list for PBXNativeTarget "MarvelHeroesUITests" */;
			buildPhases = (
				679C3699277F28DA009317AE /* Sources */,
				679C369A277F28DA009317AE /* Frameworks */,
				679C369B277F28DA009317AE /* Resources */,
			);
			buildRules = (
			);
			dependencies = (
				679C369F277F28DA009317AE /* PBXTargetDependency */,
			);
			name = MarvelHeroesUITests;
			productName = MarvelHeroesUITests;
			productReference = 679C369D277F28DA009317AE /* MarvelHeroesUITests.xctest */;
			productType = "com.apple.product-type.bundle.ui-testing";
		};
/* End PBXNativeTarget section */

/* Begin PBXProject section */
		679C3674277F28D9009317AE /* Project object */ = {
			isa = PBXProject;
			attributes = {
				LastSwiftUpdateCheck = 1250;
				LastUpgradeCheck = 1250;
				TargetAttributes = {
					679C367B277F28D9009317AE = {
						CreatedOnToolsVersion = 12.5.1;
					};
					679C3691277F28DA009317AE = {
						CreatedOnToolsVersion = 12.5.1;
						TestTargetID = 679C367B277F28D9009317AE;
					};
					679C369C277F28DA009317AE = {
						CreatedOnToolsVersion = 12.5.1;
						TestTargetID = 679C367B277F28D9009317AE;
					};
				};
			};
			buildConfigurationList = 679C3677277F28D9009317AE /* Build configuration list for PBXProject "MarvelHeroes" */;
			compatibilityVersion = "Xcode 9.3";
			developmentRegion = en;
			hasScannedForEncodings = 0;
			knownRegions = (
				en,
				Base,
			);
			mainGroup = 679C3673277F28D9009317AE;
			productRefGroup = 679C367D277F28D9009317AE /* Products */;
			projectDirPath = "";
			projectRoot = "";
			targets = (
				679C367B277F28D9009317AE /* MarvelHeroes */,
				679C3691277F28DA009317AE /* MarvelHeroesTests */,
				679C369C277F28DA009317AE /* MarvelHeroesUITests */,
			);
		};
/* End PBXProject section */

/* Begin PBXResourcesBuildPhase section */
		679C367A277F28D9009317AE /* Resources */ = {
			isa = PBXResourcesBuildPhase;
			buildActionMask = 2147483647;
			files = (
				676D762727831EA5009F84DF /* CharacterDetailsViewController.storyboard in Resources */,
				67B525E727844B790011E3AD /* CharacterDetailTableHeaderView.xib in Resources */,
				67B7472127830A300089097D /* CharactersListCollectionViewCell.xib in Resources */,
				6779FE462783723D00C6D2A2 /* CharacterDetailTableViewCell.xib in Resources */,
				679C368C277F28DA009317AE /* LaunchScreen.storyboard in Resources */,
				679C3689277F28DA009317AE /* Assets.xcassets in Resources */,
				67B525ED27844FBB0011E3AD /* wording.json in Resources */,
				679C3687277F28D9009317AE /* CharactersList.storyboard in Resources */,
			);
			runOnlyForDeploymentPostprocessing = 0;
		};
		679C3690277F28DA009317AE /* Resources */ = {
			isa = PBXResourcesBuildPhase;
			buildActionMask = 2147483647;
			files = (
			);
			runOnlyForDeploymentPostprocessing = 0;
		};
		679C369B277F28DA009317AE /* Resources */ = {
			isa = PBXResourcesBuildPhase;
			buildActionMask = 2147483647;
			files = (
			);
			runOnlyForDeploymentPostprocessing = 0;
		};
/* End PBXResourcesBuildPhase section */

/* Begin PBXShellScriptBuildPhase section */
		094AF4DBFED2FF5B0C0D0B52 /* [CP] Check Pods Manifest.lock */ = {
			isa = PBXShellScriptBuildPhase;
			buildActionMask = 2147483647;
			files = (
			);
			inputFileListPaths = (
			);
			inputPaths = (
				"${PODS_PODFILE_DIR_PATH}/Podfile.lock",
				"${PODS_ROOT}/Manifest.lock",
			);
			name = "[CP] Check Pods Manifest.lock";
			outputFileListPaths = (
			);
			outputPaths = (
				"$(DERIVED_FILE_DIR)/Pods-MarvelHeroes-checkManifestLockResult.txt",
			);
			runOnlyForDeploymentPostprocessing = 0;
			shellPath = /bin/sh;
			shellScript = "diff \"${PODS_PODFILE_DIR_PATH}/Podfile.lock\" \"${PODS_ROOT}/Manifest.lock\" > /dev/null\nif [ $? != 0 ] ; then\n    # print error to STDERR\n    echo \"error: The sandbox is not in sync with the Podfile.lock. Run 'pod install' or update your CocoaPods installation.\" >&2\n    exit 1\nfi\n# This output is used by Xcode 'outputs' to avoid re-running this script phase.\necho \"SUCCESS\" > \"${SCRIPT_OUTPUT_FILE_0}\"\n";
			showEnvVarsInLog = 0;
		};
		9194E7CBDB3255E5AC7880F7 /* [CP] Embed Pods Frameworks */ = {
			isa = PBXShellScriptBuildPhase;
			buildActionMask = 2147483647;
			files = (
			);
			inputFileListPaths = (
				"${PODS_ROOT}/Target Support Files/Pods-MarvelHeroes/Pods-MarvelHeroes-frameworks-${CONFIGURATION}-input-files.xcfilelist",
			);
			name = "[CP] Embed Pods Frameworks";
			outputFileListPaths = (
				"${PODS_ROOT}/Target Support Files/Pods-MarvelHeroes/Pods-MarvelHeroes-frameworks-${CONFIGURATION}-output-files.xcfilelist",
			);
			runOnlyForDeploymentPostprocessing = 0;
			shellPath = /bin/sh;
			shellScript = "\"${PODS_ROOT}/Target Support Files/Pods-MarvelHeroes/Pods-MarvelHeroes-frameworks.sh\"\n";
			showEnvVarsInLog = 0;
		};
/* End PBXShellScriptBuildPhase section */

/* Begin PBXSourcesBuildPhase section */
		679C3678277F28D9009317AE /* Sources */ = {
			isa = PBXSourcesBuildPhase;
			buildActionMask = 2147483647;
			files = (
				679C3684277F28D9009317AE /* CharactersListViewController.swift in Sources */,
				679C3680277F28D9009317AE /* AppDelegate.swift in Sources */,
				6779FE44278371F200C6D2A2 /* CharacterDetailTableViewCell.swift in Sources */,
				679C36B7277F2D14009317AE /* MSConfig.swift in Sources */,
				679C3682277F28D9009317AE /* SceneDelegate.swift in Sources */,
				679C36B4277F2AD4009317AE /* MSResult.swift in Sources */,
				6790AC102784CA40005C2DC2 /* CharacterDetailProtocols.swift in Sources */,
				6790AC172784CE54005C2DC2 /* CharacterDetailPresenter.swift in Sources */,
				6790AC132784CCCA005C2DC2 /* CharacterDetailRouter.swift in Sources */,
				67B7471C278307370089097D /* CharactersListViewController+CollectionView.swift in Sources */,
				6790AC062784BAAF005C2DC2 /* CharacterListInteractor.swift in Sources */,
				67B26CB42780EFD800F501CE /* MarvelService.swift in Sources */,
				676D762A27832845009F84DF /* BaseViewController.swift in Sources */,
				679C36B1277F2983009317AE /* MSCharacter.swift in Sources */,
				6779FE4127836FD600C6D2A2 /* CharacterDetailsViewController+TableView.swift in Sources */,
				67B525E927844B880011E3AD /* CharacterDetailTableHeaderView.swift in Sources */,
				6790AC152784CE37005C2DC2 /* CharacterDetailInteractor.swift in Sources */,
				679C36BA277F2F6E009317AE /* MSCharacterRequest.swift in Sources */,
				67B7472327830EA30089097D /* UIConfig.swift in Sources */,
				679C36BC277F30A5009317AE /* MSUtils.swift in Sources */,
				6790AC0A2784BE41005C2DC2 /* CharacterListProtocols.swift in Sources */,
				6790AC082784BB19005C2DC2 /* CharacterListPresenter.swift in Sources */,
				676D762527831E73009F84DF /* CharacterDetailsViewController.swift in Sources */,
				67B7471F278308950089097D /* CharactersListCollectionViewCell.swift in Sources */,
				6790AC0C2784C38F005C2DC2 /* CharactersListRouter.swift in Sources */,
				67B7472527830FDB0089097D /* UIUtils.swift in Sources */,
			);
			runOnlyForDeploymentPostprocessing = 0;
		};
		679C368E277F28DA009317AE /* Sources */ = {
			isa = PBXSourcesBuildPhase;
			buildActionMask = 2147483647;
			files = (
				679C3697277F28DA009317AE /* MarvelHeroesTests.swift in Sources */,
			);
			runOnlyForDeploymentPostprocessing = 0;
		};
		679C3699277F28DA009317AE /* Sources */ = {
			isa = PBXSourcesBuildPhase;
			buildActionMask = 2147483647;
			files = (
				679C36A2277F28DA009317AE /* MarvelHeroesUITests.swift in Sources */,
			);
			runOnlyForDeploymentPostprocessing = 0;
		};
/* End PBXSourcesBuildPhase section */

/* Begin PBXTargetDependency section */
		679C3694277F28DA009317AE /* PBXTargetDependency */ = {
			isa = PBXTargetDependency;
			target = 679C367B277F28D9009317AE /* MarvelHeroes */;
			targetProxy = 679C3693277F28DA009317AE /* PBXContainerItemProxy */;
		};
		679C369F277F28DA009317AE /* PBXTargetDependency */ = {
			isa = PBXTargetDependency;
			target = 679C367B277F28D9009317AE /* MarvelHeroes */;
			targetProxy = 679C369E277F28DA009317AE /* PBXContainerItemProxy */;
		};
/* End PBXTargetDependency section */

/* Begin PBXVariantGroup section */
		679C3685277F28D9009317AE /* CharactersList.storyboard */ = {
			isa = PBXVariantGroup;
			children = (
				679C3686277F28D9009317AE /* Base */,
			);
			name = CharactersList.storyboard;
			sourceTree = "<group>";
		};
		679C368A277F28DA009317AE /* LaunchScreen.storyboard */ = {
			isa = PBXVariantGroup;
			children = (
				679C368B277F28DA009317AE /* Base */,
			);
			name = LaunchScreen.storyboard;
			sourceTree = "<group>";
		};
/* End PBXVariantGroup section */

/* Begin XCBuildConfiguration section */
		679C36A4277F28DA009317AE /* Debug */ = {
			isa = XCBuildConfiguration;
			buildSettings = {
				ALWAYS_SEARCH_USER_PATHS = NO;
				CLANG_ANALYZER_NONNULL = YES;
				CLANG_ANALYZER_NUMBER_OBJECT_CONVERSION = YES_AGGRESSIVE;
				CLANG_CXX_LANGUAGE_STANDARD = "gnu++14";
				CLANG_CXX_LIBRARY = "libc++";
				CLANG_ENABLE_MODULES = YES;
				CLANG_ENABLE_OBJC_ARC = YES;
				CLANG_ENABLE_OBJC_WEAK = YES;
				CLANG_WARN_BLOCK_CAPTURE_AUTORELEASING = YES;
				CLANG_WARN_BOOL_CONVERSION = YES;
				CLANG_WARN_COMMA = YES;
				CLANG_WARN_CONSTANT_CONVERSION = YES;
				CLANG_WARN_DEPRECATED_OBJC_IMPLEMENTATIONS = YES;
				CLANG_WARN_DIRECT_OBJC_ISA_USAGE = YES_ERROR;
				CLANG_WARN_DOCUMENTATION_COMMENTS = YES;
				CLANG_WARN_EMPTY_BODY = YES;
				CLANG_WARN_ENUM_CONVERSION = YES;
				CLANG_WARN_INFINITE_RECURSION = YES;
				CLANG_WARN_INT_CONVERSION = YES;
				CLANG_WARN_NON_LITERAL_NULL_CONVERSION = YES;
				CLANG_WARN_OBJC_IMPLICIT_RETAIN_SELF = YES;
				CLANG_WARN_OBJC_LITERAL_CONVERSION = YES;
				CLANG_WARN_OBJC_ROOT_CLASS = YES_ERROR;
				CLANG_WARN_QUOTED_INCLUDE_IN_FRAMEWORK_HEADER = YES;
				CLANG_WARN_RANGE_LOOP_ANALYSIS = YES;
				CLANG_WARN_STRICT_PROTOTYPES = YES;
				CLANG_WARN_SUSPICIOUS_MOVE = YES;
				CLANG_WARN_UNGUARDED_AVAILABILITY = YES_AGGRESSIVE;
				CLANG_WARN_UNREACHABLE_CODE = YES;
				CLANG_WARN__DUPLICATE_METHOD_MATCH = YES;
				COPY_PHASE_STRIP = NO;
				DEBUG_INFORMATION_FORMAT = dwarf;
				ENABLE_STRICT_OBJC_MSGSEND = YES;
				ENABLE_TESTABILITY = YES;
				GCC_C_LANGUAGE_STANDARD = gnu11;
				GCC_DYNAMIC_NO_PIC = NO;
				GCC_NO_COMMON_BLOCKS = YES;
				GCC_OPTIMIZATION_LEVEL = 0;
				GCC_PREPROCESSOR_DEFINITIONS = (
					"DEBUG=1",
					"$(inherited)",
				);
				GCC_WARN_64_TO_32_BIT_CONVERSION = YES;
				GCC_WARN_ABOUT_RETURN_TYPE = YES_ERROR;
				GCC_WARN_UNDECLARED_SELECTOR = YES;
				GCC_WARN_UNINITIALIZED_AUTOS = YES_AGGRESSIVE;
				GCC_WARN_UNUSED_FUNCTION = YES;
				GCC_WARN_UNUSED_VARIABLE = YES;
				IPHONEOS_DEPLOYMENT_TARGET = 13.0;
				MTL_ENABLE_DEBUG_INFO = INCLUDE_SOURCE;
				MTL_FAST_MATH = YES;
				ONLY_ACTIVE_ARCH = YES;
				SDKROOT = iphoneos;
				SWIFT_ACTIVE_COMPILATION_CONDITIONS = DEBUG;
				SWIFT_OPTIMIZATION_LEVEL = "-Onone";
			};
			name = Debug;
		};
		679C36A5277F28DA009317AE /* Release */ = {
			isa = XCBuildConfiguration;
			buildSettings = {
				ALWAYS_SEARCH_USER_PATHS = NO;
				CLANG_ANALYZER_NONNULL = YES;
				CLANG_ANALYZER_NUMBER_OBJECT_CONVERSION = YES_AGGRESSIVE;
				CLANG_CXX_LANGUAGE_STANDARD = "gnu++14";
				CLANG_CXX_LIBRARY = "libc++";
				CLANG_ENABLE_MODULES = YES;
				CLANG_ENABLE_OBJC_ARC = YES;
				CLANG_ENABLE_OBJC_WEAK = YES;
				CLANG_WARN_BLOCK_CAPTURE_AUTORELEASING = YES;
				CLANG_WARN_BOOL_CONVERSION = YES;
				CLANG_WARN_COMMA = YES;
				CLANG_WARN_CONSTANT_CONVERSION = YES;
				CLANG_WARN_DEPRECATED_OBJC_IMPLEMENTATIONS = YES;
				CLANG_WARN_DIRECT_OBJC_ISA_USAGE = YES_ERROR;
				CLANG_WARN_DOCUMENTATION_COMMENTS = YES;
				CLANG_WARN_EMPTY_BODY = YES;
				CLANG_WARN_ENUM_CONVERSION = YES;
				CLANG_WARN_INFINITE_RECURSION = YES;
				CLANG_WARN_INT_CONVERSION = YES;
				CLANG_WARN_NON_LITERAL_NULL_CONVERSION = YES;
				CLANG_WARN_OBJC_IMPLICIT_RETAIN_SELF = YES;
				CLANG_WARN_OBJC_LITERAL_CONVERSION = YES;
				CLANG_WARN_OBJC_ROOT_CLASS = YES_ERROR;
				CLANG_WARN_QUOTED_INCLUDE_IN_FRAMEWORK_HEADER = YES;
				CLANG_WARN_RANGE_LOOP_ANALYSIS = YES;
				CLANG_WARN_STRICT_PROTOTYPES = YES;
				CLANG_WARN_SUSPICIOUS_MOVE = YES;
				CLANG_WARN_UNGUARDED_AVAILABILITY = YES_AGGRESSIVE;
				CLANG_WARN_UNREACHABLE_CODE = YES;
				CLANG_WARN__DUPLICATE_METHOD_MATCH = YES;
				COPY_PHASE_STRIP = NO;
				DEBUG_INFORMATION_FORMAT = "dwarf-with-dsym";
				ENABLE_NS_ASSERTIONS = NO;
				ENABLE_STRICT_OBJC_MSGSEND = YES;
				GCC_C_LANGUAGE_STANDARD = gnu11;
				GCC_NO_COMMON_BLOCKS = YES;
				GCC_WARN_64_TO_32_BIT_CONVERSION = YES;
				GCC_WARN_ABOUT_RETURN_TYPE = YES_ERROR;
				GCC_WARN_UNDECLARED_SELECTOR = YES;
				GCC_WARN_UNINITIALIZED_AUTOS = YES_AGGRESSIVE;
				GCC_WARN_UNUSED_FUNCTION = YES;
				GCC_WARN_UNUSED_VARIABLE = YES;
				IPHONEOS_DEPLOYMENT_TARGET = 13.0;
				MTL_ENABLE_DEBUG_INFO = NO;
				MTL_FAST_MATH = YES;
				SDKROOT = iphoneos;
				SWIFT_COMPILATION_MODE = wholemodule;
				SWIFT_OPTIMIZATION_LEVEL = "-O";
				VALIDATE_PRODUCT = YES;
			};
			name = Release;
		};
		679C36A7277F28DA009317AE /* Debug */ = {
			isa = XCBuildConfiguration;
			baseConfigurationReference = CAE161A1407E3E334D74DF48 /* Pods-MarvelHeroes.debug.xcconfig */;
			buildSettings = {
				ASSETCATALOG_COMPILER_APPICON_NAME = AppIcon;
				ASSETCATALOG_COMPILER_GLOBAL_ACCENT_COLOR_NAME = AccentColor;
				CODE_SIGN_STYLE = Automatic;
				INFOPLIST_FILE = MarvelHeroes/Info.plist;
				LD_RUNPATH_SEARCH_PATHS = (
					"$(inherited)",
					"@executable_path/Frameworks",
				);
				PRODUCT_BUNDLE_IDENTIFIER = com.javier.pintor.MarvelHeroes;
				PRODUCT_NAME = "$(TARGET_NAME)";
				SWIFT_VERSION = 5.0;
				TARGETED_DEVICE_FAMILY = "1,2";
			};
			name = Debug;
		};
		679C36A8277F28DA009317AE /* Release */ = {
			isa = XCBuildConfiguration;
			baseConfigurationReference = FFB0DF661A9A537DD251ADD1 /* Pods-MarvelHeroes.release.xcconfig */;
			buildSettings = {
				ASSETCATALOG_COMPILER_APPICON_NAME = AppIcon;
				ASSETCATALOG_COMPILER_GLOBAL_ACCENT_COLOR_NAME = AccentColor;
				CODE_SIGN_STYLE = Automatic;
				INFOPLIST_FILE = MarvelHeroes/Info.plist;
				LD_RUNPATH_SEARCH_PATHS = (
					"$(inherited)",
					"@executable_path/Frameworks",
				);
				PRODUCT_BUNDLE_IDENTIFIER = com.javier.pintor.MarvelHeroes;
				PRODUCT_NAME = "$(TARGET_NAME)";
				SWIFT_VERSION = 5.0;
				TARGETED_DEVICE_FAMILY = "1,2";
			};
			name = Release;
		};
		679C36AA277F28DA009317AE /* Debug */ = {
			isa = XCBuildConfiguration;
			buildSettings = {
				ALWAYS_EMBED_SWIFT_STANDARD_LIBRARIES = YES;
				BUNDLE_LOADER = "$(TEST_HOST)";
				CODE_SIGN_STYLE = Automatic;
				INFOPLIST_FILE = MarvelHeroesTests/Info.plist;
				IPHONEOS_DEPLOYMENT_TARGET = 14.5;
				LD_RUNPATH_SEARCH_PATHS = (
					"$(inherited)",
					"@executable_path/Frameworks",
					"@loader_path/Frameworks",
				);
				PRODUCT_BUNDLE_IDENTIFIER = com.javier.pintor.MarvelHeroesTests;
				PRODUCT_NAME = "$(TARGET_NAME)";
				SWIFT_VERSION = 5.0;
				TARGETED_DEVICE_FAMILY = "1,2";
				TEST_HOST = "$(BUILT_PRODUCTS_DIR)/MarvelHeroes.app/MarvelHeroes";
			};
			name = Debug;
		};
		679C36AB277F28DA009317AE /* Release */ = {
			isa = XCBuildConfiguration;
			buildSettings = {
				ALWAYS_EMBED_SWIFT_STANDARD_LIBRARIES = YES;
				BUNDLE_LOADER = "$(TEST_HOST)";
				CODE_SIGN_STYLE = Automatic;
				INFOPLIST_FILE = MarvelHeroesTests/Info.plist;
				IPHONEOS_DEPLOYMENT_TARGET = 14.5;
				LD_RUNPATH_SEARCH_PATHS = (
					"$(inherited)",
					"@executable_path/Frameworks",
					"@loader_path/Frameworks",
				);
				PRODUCT_BUNDLE_IDENTIFIER = com.javier.pintor.MarvelHeroesTests;
				PRODUCT_NAME = "$(TARGET_NAME)";
				SWIFT_VERSION = 5.0;
				TARGETED_DEVICE_FAMILY = "1,2";
				TEST_HOST = "$(BUILT_PRODUCTS_DIR)/MarvelHeroes.app/MarvelHeroes";
			};
			name = Release;
		};
		679C36AD277F28DA009317AE /* Debug */ = {
			isa = XCBuildConfiguration;
			buildSettings = {
				ALWAYS_EMBED_SWIFT_STANDARD_LIBRARIES = YES;
				CODE_SIGN_STYLE = Automatic;
				INFOPLIST_FILE = MarvelHeroesUITests/Info.plist;
				LD_RUNPATH_SEARCH_PATHS = (
					"$(inherited)",
					"@executable_path/Frameworks",
					"@loader_path/Frameworks",
				);
				PRODUCT_BUNDLE_IDENTIFIER = com.javier.pintor.MarvelHeroesUITests;
				PRODUCT_NAME = "$(TARGET_NAME)";
				SWIFT_VERSION = 5.0;
				TARGETED_DEVICE_FAMILY = "1,2";
				TEST_TARGET_NAME = MarvelHeroes;
			};
			name = Debug;
		};
		679C36AE277F28DA009317AE /* Release */ = {
			isa = XCBuildConfiguration;
			buildSettings = {
				ALWAYS_EMBED_SWIFT_STANDARD_LIBRARIES = YES;
				CODE_SIGN_STYLE = Automatic;
				INFOPLIST_FILE = MarvelHeroesUITests/Info.plist;
				LD_RUNPATH_SEARCH_PATHS = (
					"$(inherited)",
					"@executable_path/Frameworks",
					"@loader_path/Frameworks",
				);
				PRODUCT_BUNDLE_IDENTIFIER = com.javier.pintor.MarvelHeroesUITests;
				PRODUCT_NAME = "$(TARGET_NAME)";
				SWIFT_VERSION = 5.0;
				TARGETED_DEVICE_FAMILY = "1,2";
				TEST_TARGET_NAME = MarvelHeroes;
			};
			name = Release;
		};
/* End XCBuildConfiguration section */

/* Begin XCConfigurationList section */
		679C3677277F28D9009317AE /* Build configuration list for PBXProject "MarvelHeroes" */ = {
			isa = XCConfigurationList;
			buildConfigurations = (
				679C36A4277F28DA009317AE /* Debug */,
				679C36A5277F28DA009317AE /* Release */,
			);
			defaultConfigurationIsVisible = 0;
			defaultConfigurationName = Release;
		};
		679C36A6277F28DA009317AE /* Build configuration list for PBXNativeTarget "MarvelHeroes" */ = {
			isa = XCConfigurationList;
			buildConfigurations = (
				679C36A7277F28DA009317AE /* Debug */,
				679C36A8277F28DA009317AE /* Release */,
			);
			defaultConfigurationIsVisible = 0;
			defaultConfigurationName = Release;
		};
		679C36A9277F28DA009317AE /* Build configuration list for PBXNativeTarget "MarvelHeroesTests" */ = {
			isa = XCConfigurationList;
			buildConfigurations = (
				679C36AA277F28DA009317AE /* Debug */,
				679C36AB277F28DA009317AE /* Release */,
			);
			defaultConfigurationIsVisible = 0;
			defaultConfigurationName = Release;
		};
		679C36AC277F28DA009317AE /* Build configuration list for PBXNativeTarget "MarvelHeroesUITests" */ = {
			isa = XCConfigurationList;
			buildConfigurations = (
				679C36AD277F28DA009317AE /* Debug */,
				679C36AE277F28DA009317AE /* Release */,
			);
			defaultConfigurationIsVisible = 0;
			defaultConfigurationName = Release;
		};
/* End XCConfigurationList section */
	};
	rootObject = 679C3674277F28D9009317AE /* Project object */;
}
